// !$*UTF8*$!
{
	archiveVersion = 1;
	classes = {
	};
	objectVersion = 56;
	objects = {

/* Begin PBXBuildFile section */
		15001CA72B98749500F57264 /* AppDelegate.swift in Sources */ = {isa = PBXBuildFile; fileRef = 15001CA62B98749500F57264 /* AppDelegate.swift */; };
		15001CA92B98749500F57264 /* SceneDelegate.swift in Sources */ = {isa = PBXBuildFile; fileRef = 15001CA82B98749500F57264 /* SceneDelegate.swift */; };
		15001CAB2B98749500F57264 /* ViewController.swift in Sources */ = {isa = PBXBuildFile; fileRef = 15001CAA2B98749500F57264 /* ViewController.swift */; };
		15001CB02B98749800F57264 /* Assets.xcassets in Resources */ = {isa = PBXBuildFile; fileRef = 15001CAF2B98749800F57264 /* Assets.xcassets */; };
		15001CB32B98749800F57264 /* LaunchScreen.storyboard in Resources */ = {isa = PBXBuildFile; fileRef = 15001CB12B98749800F57264 /* LaunchScreen.storyboard */; };
		15001CBC2B98772F00F57264 /* SnapKit in Frameworks */ = {isa = PBXBuildFile; productRef = 15001CBB2B98772F00F57264 /* SnapKit */; settings = {ATTRIBUTES = (Weak, ); }; };
		15001CC12B98780100F57264 /* Alamofire in Frameworks */ = {isa = PBXBuildFile; productRef = 15001CC02B98780100F57264 /* Alamofire */; settings = {ATTRIBUTES = (Weak, ); }; };
		15001CC92B98796A00F57264 /* NavigationControllerViewController.swift in Sources */ = {isa = PBXBuildFile; fileRef = 15001CC82B98796A00F57264 /* NavigationControllerViewController.swift */; };
		15001CCC2B987C6C00F57264 /* Skeleton.swift in Sources */ = {isa = PBXBuildFile; fileRef = 15001CCB2B987C6C00F57264 /* Skeleton.swift */; };
		15001CD02B98C40800F57264 /* PersonsCollectionView.swift in Sources */ = {isa = PBXBuildFile; fileRef = 15001CCF2B98C40800F57264 /* PersonsCollectionView.swift */; };
		15001CD22B98F04400F57264 /* Model.swift in Sources */ = {isa = PBXBuildFile; fileRef = 15001CD12B98F04400F57264 /* Model.swift */; };
/* End PBXBuildFile section */

/* Begin PBXFileReference section */
		15001CA32B98749500F57264 /* TestApp.app */ = {isa = PBXFileReference; explicitFileType = wrapper.application; includeInIndex = 0; path = TestApp.app; sourceTree = BUILT_PRODUCTS_DIR; };
		15001CA62B98749500F57264 /* AppDelegate.swift */ = {isa = PBXFileReference; lastKnownFileType = sourcecode.swift; path = AppDelegate.swift; sourceTree = "<group>"; };
		15001CA82B98749500F57264 /* SceneDelegate.swift */ = {isa = PBXFileReference; lastKnownFileType = sourcecode.swift; path = SceneDelegate.swift; sourceTree = "<group>"; };
		15001CAA2B98749500F57264 /* ViewController.swift */ = {isa = PBXFileReference; lastKnownFileType = sourcecode.swift; path = ViewController.swift; sourceTree = "<group>"; };
		15001CAF2B98749800F57264 /* Assets.xcassets */ = {isa = PBXFileReference; lastKnownFileType = folder.assetcatalog; path = Assets.xcassets; sourceTree = "<group>"; };
		15001CB22B98749800F57264 /* Base */ = {isa = PBXFileReference; lastKnownFileType = file.storyboard; name = Base; path = Base.lproj/LaunchScreen.storyboard; sourceTree = "<group>"; };
		15001CB42B98749800F57264 /* Info.plist */ = {isa = PBXFileReference; lastKnownFileType = text.plist.xml; path = Info.plist; sourceTree = "<group>"; };
		15001CC82B98796A00F57264 /* NavigationControllerViewController.swift */ = {isa = PBXFileReference; lastKnownFileType = sourcecode.swift; path = NavigationControllerViewController.swift; sourceTree = "<group>"; };
		15001CCB2B987C6C00F57264 /* Skeleton.swift */ = {isa = PBXFileReference; lastKnownFileType = sourcecode.swift; path = Skeleton.swift; sourceTree = "<group>"; };
		15001CCF2B98C40800F57264 /* PersonsCollectionView.swift */ = {isa = PBXFileReference; lastKnownFileType = sourcecode.swift; path = PersonsCollectionView.swift; sourceTree = "<group>"; };
		15001CD12B98F04400F57264 /* Model.swift */ = {isa = PBXFileReference; lastKnownFileType = sourcecode.swift; path = Model.swift; sourceTree = "<group>"; };
/* End PBXFileReference section */

/* Begin PBXFrameworksBuildPhase section */
		15001CA02B98749500F57264 /* Frameworks */ = {
			isa = PBXFrameworksBuildPhase;
			buildActionMask = 2147483647;
			files = (
				15001CC12B98780100F57264 /* Alamofire in Frameworks */,
				15001CBC2B98772F00F57264 /* SnapKit in Frameworks */,
			);
			runOnlyForDeploymentPostprocessing = 0;
		};
/* End PBXFrameworksBuildPhase section */

/* Begin PBXGroup section */
		15001C9A2B98749500F57264 = {
			isa = PBXGroup;
			children = (
				15001CA52B98749500F57264 /* TestApp */,
				15001CA42B98749500F57264 /* Products */,
			);
			sourceTree = "<group>";
		};
		15001CA42B98749500F57264 /* Products */ = {
			isa = PBXGroup;
			children = (
				15001CA32B98749500F57264 /* TestApp.app */,
			);
			name = Products;
			sourceTree = "<group>";
		};
		15001CA52B98749500F57264 /* TestApp */ = {
			isa = PBXGroup;
			children = (
				15001CC72B98784E00F57264 /* Model */,
				15001CC62B98784A00F57264 /* View */,
				15001CC42B98783400F57264 /* Controller */,
			);
			path = TestApp;
			sourceTree = "<group>";
		};
		15001CC42B98783400F57264 /* Controller */ = {
			isa = PBXGroup;
			children = (
				15001CAA2B98749500F57264 /* ViewController.swift */,
				15001CC82B98796A00F57264 /* NavigationControllerViewController.swift */,
			);
			path = Controller;
			sourceTree = "<group>";
		};
		15001CC62B98784A00F57264 /* View */ = {
			isa = PBXGroup;
			children = (
				15001CCA2B987C3E00F57264 /* View1.0.0 */,
				15001CAF2B98749800F57264 /* Assets.xcassets */,
				15001CB12B98749800F57264 /* LaunchScreen.storyboard */,
			);
			path = View;
			sourceTree = "<group>";
		};
		15001CC72B98784E00F57264 /* Model */ = {
			isa = PBXGroup;
			children = (
				15001CB42B98749800F57264 /* Info.plist */,
				15001CA82B98749500F57264 /* SceneDelegate.swift */,
				15001CA62B98749500F57264 /* AppDelegate.swift */,
				15001CD12B98F04400F57264 /* Model.swift */,
			);
			path = Model;
			sourceTree = "<group>";
		};
		15001CCA2B987C3E00F57264 /* View1.0.0 */ = {
			isa = PBXGroup;
			children = (
				15001CCB2B987C6C00F57264 /* Skeleton.swift */,
				15001CCF2B98C40800F57264 /* PersonsCollectionView.swift */,
			);
			path = View1.0.0;
			sourceTree = "<group>";
		};
/* End PBXGroup section */

/* Begin PBXNativeTarget section */
		15001CA22B98749500F57264 /* TestApp */ = {
			isa = PBXNativeTarget;
			buildConfigurationList = 15001CB72B98749800F57264 /* Build configuration list for PBXNativeTarget "TestApp" */;
			buildPhases = (
				15001C9F2B98749500F57264 /* Sources */,
				15001CA02B98749500F57264 /* Frameworks */,
				15001CA12B98749500F57264 /* Resources */,
			);
			buildRules = (
			);
			dependencies = (
			);
			name = TestApp;
			packageProductDependencies = (
				15001CBB2B98772F00F57264 /* SnapKit */,
				15001CC02B98780100F57264 /* Alamofire */,
			);
			productName = TestApp;
			productReference = 15001CA32B98749500F57264 /* TestApp.app */;
			productType = "com.apple.product-type.application";
		};
/* End PBXNativeTarget section */

/* Begin PBXProject section */
		15001C9B2B98749500F57264 /* Project object */ = {
			isa = PBXProject;
			attributes = {
				BuildIndependentTargetsInParallel = 1;
				LastSwiftUpdateCheck = 1520;
				LastUpgradeCheck = 1520;
				TargetAttributes = {
					15001CA22B98749500F57264 = {
						CreatedOnToolsVersion = 15.2;
					};
				};
			};
			buildConfigurationList = 15001C9E2B98749500F57264 /* Build configuration list for PBXProject "TestApp" */;
			compatibilityVersion = "Xcode 14.0";
			developmentRegion = en;
			hasScannedForEncodings = 0;
			knownRegions = (
				en,
				Base,
			);
			mainGroup = 15001C9A2B98749500F57264;
			packageReferences = (
				15001CBA2B98772F00F57264 /* XCRemoteSwiftPackageReference "SnapKit" */,
				15001CBF2B98780100F57264 /* XCRemoteSwiftPackageReference "Alamofire" */,
			);
			productRefGroup = 15001CA42B98749500F57264 /* Products */;
			projectDirPath = "";
			projectRoot = "";
			targets = (
				15001CA22B98749500F57264 /* TestApp */,
			);
		};
/* End PBXProject section */

/* Begin PBXResourcesBuildPhase section */
		15001CA12B98749500F57264 /* Resources */ = {
			isa = PBXResourcesBuildPhase;
			buildActionMask = 2147483647;
			files = (
				15001CB32B98749800F57264 /* LaunchScreen.storyboard in Resources */,
				15001CB02B98749800F57264 /* Assets.xcassets in Resources */,
			);
			runOnlyForDeploymentPostprocessing = 0;
		};
/* End PBXResourcesBuildPhase section */

/* Begin PBXSourcesBuildPhase section */
		15001C9F2B98749500F57264 /* Sources */ = {
			isa = PBXSourcesBuildPhase;
			buildActionMask = 2147483647;
			files = (
				15001CD22B98F04400F57264 /* Model.swift in Sources */,
				15001CAB2B98749500F57264 /* ViewController.swift in Sources */,
				15001CD02B98C40800F57264 /* PersonsCollectionView.swift in Sources */,
				15001CCC2B987C6C00F57264 /* Skeleton.swift in Sources */,
				15001CA72B98749500F57264 /* AppDelegate.swift in Sources */,
				15001CC92B98796A00F57264 /* NavigationControllerViewController.swift in Sources */,
				15001CA92B98749500F57264 /* SceneDelegate.swift in Sources */,
			);
			runOnlyForDeploymentPostprocessing = 0;
		};
/* End PBXSourcesBuildPhase section */

/* Begin PBXVariantGroup section */
		15001CB12B98749800F57264 /* LaunchScreen.storyboard */ = {
			isa = PBXVariantGroup;
			children = (
				15001CB22B98749800F57264 /* Base */,
			);
			name = LaunchScreen.storyboard;
			sourceTree = "<group>";
		};
/* End PBXVariantGroup section */

/* Begin XCBuildConfiguration section */
		15001CB52B98749800F57264 /* Debug */ = {
			isa = XCBuildConfiguration;
			buildSettings = {
				ALWAYS_SEARCH_USER_PATHS = NO;
				ASSETCATALOG_COMPILER_GENERATE_SWIFT_ASSET_SYMBOL_EXTENSIONS = YES;
				CLANG_ANALYZER_NONNULL = YES;
				CLANG_ANALYZER_NUMBER_OBJECT_CONVERSION = YES_AGGRESSIVE;
				CLANG_CXX_LANGUAGE_STANDARD = "gnu++20";
				CLANG_ENABLE_MODULES = YES;
				CLANG_ENABLE_OBJC_ARC = YES;
				CLANG_ENABLE_OBJC_WEAK = YES;
				CLANG_WARN_BLOCK_CAPTURE_AUTORELEASING = YES;
				CLANG_WARN_BOOL_CONVERSION = YES;
				CLANG_WARN_COMMA = YES;
				CLANG_WARN_CONSTANT_CONVERSION = YES;
				CLANG_WARN_DEPRECATED_OBJC_IMPLEMENTATIONS = YES;
				CLANG_WARN_DIRECT_OBJC_ISA_USAGE = YES_ERROR;
				CLANG_WARN_DOCUMENTATION_COMMENTS = YES;
				CLANG_WARN_EMPTY_BODY = YES;
				CLANG_WARN_ENUM_CONVERSION = YES;
				CLANG_WARN_INFINITE_RECURSION = YES;
				CLANG_WARN_INT_CONVERSION = YES;
				CLANG_WARN_NON_LITERAL_NULL_CONVERSION = YES;
				CLANG_WARN_OBJC_IMPLICIT_RETAIN_SELF = YES;
				CLANG_WARN_OBJC_LITERAL_CONVERSION = YES;
				CLANG_WARN_OBJC_ROOT_CLASS = YES_ERROR;
				CLANG_WARN_QUOTED_INCLUDE_IN_FRAMEWORK_HEADER = YES;
				CLANG_WARN_RANGE_LOOP_ANALYSIS = YES;
				CLANG_WARN_STRICT_PROTOTYPES = YES;
				CLANG_WARN_SUSPICIOUS_MOVE = YES;
				CLANG_WARN_UNGUARDED_AVAILABILITY = YES_AGGRESSIVE;
				CLANG_WARN_UNREACHABLE_CODE = YES;
				CLANG_WARN__DUPLICATE_METHOD_MATCH = YES;
				COPY_PHASE_STRIP = NO;
				DEBUG_INFORMATION_FORMAT = dwarf;
				ENABLE_STRICT_OBJC_MSGSEND = YES;
				ENABLE_TESTABILITY = YES;
				ENABLE_USER_SCRIPT_SANDBOXING = YES;
				GCC_C_LANGUAGE_STANDARD = gnu17;
				GCC_DYNAMIC_NO_PIC = NO;
				GCC_NO_COMMON_BLOCKS = YES;
				GCC_OPTIMIZATION_LEVEL = 0;
				GCC_PREPROCESSOR_DEFINITIONS = (
					"DEBUG=1",
					"$(inherited)",
				);
				GCC_WARN_64_TO_32_BIT_CONVERSION = YES;
				GCC_WARN_ABOUT_RETURN_TYPE = YES_ERROR;
				GCC_WARN_UNDECLARED_SELECTOR = YES;
				GCC_WARN_UNINITIALIZED_AUTOS = YES_AGGRESSIVE;
				GCC_WARN_UNUSED_FUNCTION = YES;
				GCC_WARN_UNUSED_VARIABLE = YES;
				IPHONEOS_DEPLOYMENT_TARGET = 17.2;
				LOCALIZATION_PREFERS_STRING_CATALOGS = YES;
				MTL_ENABLE_DEBUG_INFO = INCLUDE_SOURCE;
				MTL_FAST_MATH = YES;
				ONLY_ACTIVE_ARCH = YES;
				SDKROOT = iphoneos;
				SWIFT_ACTIVE_COMPILATION_CONDITIONS = "DEBUG $(inherited)";
				SWIFT_OPTIMIZATION_LEVEL = "-Onone";
			};
			name = Debug;
		};
		15001CB62B98749800F57264 /* Release */ = {
			isa = XCBuildConfiguration;
			buildSettings = {
				ALWAYS_SEARCH_USER_PATHS = NO;
				ASSETCATALOG_COMPILER_GENERATE_SWIFT_ASSET_SYMBOL_EXTENSIONS = YES;
				CLANG_ANALYZER_NONNULL = YES;
				CLANG_ANALYZER_NUMBER_OBJECT_CONVERSION = YES_AGGRESSIVE;
				CLANG_CXX_LANGUAGE_STANDARD = "gnu++20";
				CLANG_ENABLE_MODULES = YES;
				CLANG_ENABLE_OBJC_ARC = YES;
				CLANG_ENABLE_OBJC_WEAK = YES;
				CLANG_WARN_BLOCK_CAPTURE_AUTORELEASING = YES;
				CLANG_WARN_BOOL_CONVERSION = YES;
				CLANG_WARN_COMMA = YES;
				CLANG_WARN_CONSTANT_CONVERSION = YES;
				CLANG_WARN_DEPRECATED_OBJC_IMPLEMENTATIONS = YES;
				CLANG_WARN_DIRECT_OBJC_ISA_USAGE = YES_ERROR;
				CLANG_WARN_DOCUMENTATION_COMMENTS = YES;
				CLANG_WARN_EMPTY_BODY = YES;
				CLANG_WARN_ENUM_CONVERSION = YES;
				CLANG_WARN_INFINITE_RECURSION = YES;
				CLANG_WARN_INT_CONVERSION = YES;
				CLANG_WARN_NON_LITERAL_NULL_CONVERSION = YES;
				CLANG_WARN_OBJC_IMPLICIT_RETAIN_SELF = YES;
				CLANG_WARN_OBJC_LITERAL_CONVERSION = YES;
				CLANG_WARN_OBJC_ROOT_CLASS = YES_ERROR;
				CLANG_WARN_QUOTED_INCLUDE_IN_FRAMEWORK_HEADER = YES;
				CLANG_WARN_RANGE_LOOP_ANALYSIS = YES;
				CLANG_WARN_STRICT_PROTOTYPES = YES;
				CLANG_WARN_SUSPICIOUS_MOVE = YES;
				CLANG_WARN_UNGUARDED_AVAILABILITY = YES_AGGRESSIVE;
				CLANG_WARN_UNREACHABLE_CODE = YES;
				CLANG_WARN__DUPLICATE_METHOD_MATCH = YES;
				COPY_PHASE_STRIP = NO;
				DEBUG_INFORMATION_FORMAT = "dwarf-with-dsym";
				ENABLE_NS_ASSERTIONS = NO;
				ENABLE_STRICT_OBJC_MSGSEND = YES;
				ENABLE_USER_SCRIPT_SANDBOXING = YES;
				GCC_C_LANGUAGE_STANDARD = gnu17;
				GCC_NO_COMMON_BLOCKS = YES;
				GCC_WARN_64_TO_32_BIT_CONVERSION = YES;
				GCC_WARN_ABOUT_RETURN_TYPE = YES_ERROR;
				GCC_WARN_UNDECLARED_SELECTOR = YES;
				GCC_WARN_UNINITIALIZED_AUTOS = YES_AGGRESSIVE;
				GCC_WARN_UNUSED_FUNCTION = YES;
				GCC_WARN_UNUSED_VARIABLE = YES;
				IPHONEOS_DEPLOYMENT_TARGET = 17.2;
				LOCALIZATION_PREFERS_STRING_CATALOGS = YES;
				MTL_ENABLE_DEBUG_INFO = NO;
				MTL_FAST_MATH = YES;
				SDKROOT = iphoneos;
				SWIFT_COMPILATION_MODE = wholemodule;
				VALIDATE_PRODUCT = YES;
			};
			name = Release;
		};
		15001CB82B98749800F57264 /* Debug */ = {
			isa = XCBuildConfiguration;
			buildSettings = {
				ASSETCATALOG_COMPILER_APPICON_NAME = AppIcon;
				ASSETCATALOG_COMPILER_GLOBAL_ACCENT_COLOR_NAME = AccentColor;
				CODE_SIGN_STYLE = Automatic;
				CURRENT_PROJECT_VERSION = 1;
				DEVELOPMENT_TEAM = 6YA7577C98;
				GENERATE_INFOPLIST_FILE = YES;
				INFOPLIST_FILE = TestApp/Model/Info.plist;
				INFOPLIST_KEY_UIApplicationSupportsIndirectInputEvents = YES;
				INFOPLIST_KEY_UILaunchStoryboardName = LaunchScreen;
				INFOPLIST_KEY_UIMainStoryboardFile = "";
				INFOPLIST_KEY_UISupportedInterfaceOrientations_iPad = "UIInterfaceOrientationPortrait UIInterfaceOrientationPortraitUpsideDown UIInterfaceOrientationLandscapeLeft UIInterfaceOrientationLandscapeRight";
				INFOPLIST_KEY_UISupportedInterfaceOrientations_iPhone = "UIInterfaceOrientationPortrait UIInterfaceOrientationLandscapeLeft UIInterfaceOrientationLandscapeRight";
				LD_RUNPATH_SEARCH_PATHS = (
					"$(inherited)",
					"@executable_path/Frameworks",
				);
				MARKETING_VERSION = 1.0;
				PRODUCT_BUNDLE_IDENTIFIER = k.TestApp8;
				PRODUCT_NAME = "$(TARGET_NAME)";
				SUPPORTED_PLATFORMS = "iphoneos iphonesimulator";
				SUPPORTS_MACCATALYST = NO;
				SUPPORTS_MAC_DESIGNED_FOR_IPHONE_IPAD = NO;
				SUPPORTS_XR_DESIGNED_FOR_IPHONE_IPAD = NO;
				SWIFT_EMIT_LOC_STRINGS = YES;
				SWIFT_VERSION = 5.0;
				TARGETED_DEVICE_FAMILY = 1;
			};
			name = Debug;
		};
		15001CB92B98749800F57264 /* Release */ = {
			isa = XCBuildConfiguration;
			buildSettings = {
				ASSETCATALOG_COMPILER_APPICON_NAME = AppIcon;
				ASSETCATALOG_COMPILER_GLOBAL_ACCENT_COLOR_NAME = AccentColor;
				CODE_SIGN_STYLE = Automatic;
				CURRENT_PROJECT_VERSION = 1;
				DEVELOPMENT_TEAM = 6YA7577C98;
				GENERATE_INFOPLIST_FILE = YES;
				INFOPLIST_FILE = TestApp/Model/Info.plist;
				INFOPLIST_KEY_UIApplicationSupportsIndirectInputEvents = YES;
				INFOPLIST_KEY_UILaunchStoryboardName = LaunchScreen;
				INFOPLIST_KEY_UIMainStoryboardFile = "";
				INFOPLIST_KEY_UISupportedInterfaceOrientations_iPad = "UIInterfaceOrientationPortrait UIInterfaceOrientationPortraitUpsideDown UIInterfaceOrientationLandscapeLeft UIInterfaceOrientationLandscapeRight";
				INFOPLIST_KEY_UISupportedInterfaceOrientations_iPhone = "UIInterfaceOrientationPortrait UIInterfaceOrientationLandscapeLeft UIInterfaceOrientationLandscapeRight";
				LD_RUNPATH_SEARCH_PATHS = (
					"$(inherited)",
					"@executable_path/Frameworks",
				);
				MARKETING_VERSION = 1.0;
				PRODUCT_BUNDLE_IDENTIFIER = k.TestApp8;
				PRODUCT_NAME = "$(TARGET_NAME)";
				SUPPORTED_PLATFORMS = "iphoneos iphonesimulator";
				SUPPORTS_MACCATALYST = NO;
				SUPPORTS_MAC_DESIGNED_FOR_IPHONE_IPAD = NO;
				SUPPORTS_XR_DESIGNED_FOR_IPHONE_IPAD = NO;
				SWIFT_EMIT_LOC_STRINGS = YES;
				SWIFT_VERSION = 5.0;
				TARGETED_DEVICE_FAMILY = 1;
			};
			name = Release;
		};
/* End XCBuildConfiguration section */

/* Begin XCConfigurationList section */
		15001C9E2B98749500F57264 /* Build configuration list for PBXProject "TestApp" */ = {
			isa = XCConfigurationList;
			buildConfigurations = (
				15001CB52B98749800F57264 /* Debug */,
				15001CB62B98749800F57264 /* Release */,
			);
			defaultConfigurationIsVisible = 0;
			defaultConfigurationName = Release;
		};
		15001CB72B98749800F57264 /* Build configuration list for PBXNativeTarget "TestApp" */ = {
			isa = XCConfigurationList;
			buildConfigurations = (
				15001CB82B98749800F57264 /* Debug */,
				15001CB92B98749800F57264 /* Release */,
			);
			defaultConfigurationIsVisible = 0;
			defaultConfigurationName = Release;
		};
/* End XCConfigurationList section */

/* Begin XCRemoteSwiftPackageReference section */
		15001CBA2B98772F00F57264 /* XCRemoteSwiftPackageReference "SnapKit" */ = {
			isa = XCRemoteSwiftPackageReference;
			repositoryURL = "https://github.com/SnapKit/SnapKit";
			requirement = {
				kind = upToNextMajorVersion;
				minimumVersion = 5.7.1;
			};
		};
		15001CBF2B98780100F57264 /* XCRemoteSwiftPackageReference "Alamofire" */ = {
			isa = XCRemoteSwiftPackageReference;
			repositoryURL = "https://github.com/Alamofire/Alamofire";
			requirement = {
				kind = upToNextMajorVersion;
				minimumVersion = 5.9.0;
			};
		};
/* End XCRemoteSwiftPackageReference section */

/* Begin XCSwiftPackageProductDependency section */
		15001CBB2B98772F00F57264 /* SnapKit */ = {
			isa = XCSwiftPackageProductDependency;
			package = 15001CBA2B98772F00F57264 /* XCRemoteSwiftPackageReference "SnapKit" */;
			productName = SnapKit;
		};
		15001CC02B98780100F57264 /* Alamofire */ = {
			isa = XCSwiftPackageProductDependency;
			package = 15001CBF2B98780100F57264 /* XCRemoteSwiftPackageReference "Alamofire" */;
			productName = Alamofire;
		};
/* End XCSwiftPackageProductDependency section */
	};
	rootObject = 15001C9B2B98749500F57264 /* Project object */;
}
